# THIS IS AN AUTOGENERATED FILE. DO NOT EDIT THIS FILE DIRECTLY.
# yarn lockfile v1


binaryen@^117.0.0:
  version "117.0.0"
  resolved "https://registry.yarnpkg.com/binaryen/-/binaryen-117.0.0.tgz#71b7a81633298fb337800f4d3dc5b5a3ea03884e"
  integrity sha512-1D+O881OXxY737WPKfIgEscCn3vWGqTsd0m5nGKzvbtadVYw5pZ3eebineH/oV5c/rAW80Bojrsa6firSSIsUw==

node-addon-api@^8.3.0:
  version "8.7.0"
  resolved "https://registry.yarnpkg.com/node-addon-api/-/node-addon-api-8.7.0.tgz#f64f8413456ecbe900221305a3f883c37666473f"
  integrity sha512-9MdFxmkKaOYVTV+XVRG8ArDwwQ77XIgIPyKASB1k3JPq3M8fGQQQE3YpMOrKm6g//Ktx8ivZr8xo1Qmtqub+GA==

node-gyp-build@^4.8.4:
  version "4.8.4"
  resolved "https://registry.yarnpkg.com/node-gyp-build/-/node-gyp-build-4.8.4.tgz#8a70ee85464ae52327772a90d66c6077a900cfc8"
  integrity sha512-LA4ZjwlnUblHVgq0oBF3Jl/6h/Nvs5fzBLwdEF4nuxnFdsfajde4WfxtJr3CaiH+F6ewcIB/q4jQ4UzPyid+CQ==

tree-sitter@^0.25.0:
  version "0.25.0"
  resolved "https://registry.yarnpkg.com/tree-sitter/-/tree-sitter-0.25.0.tgz#d9d94ba00b501df49826c10c0f74037b890788eb"
  integrity sha512-PGZZzFW63eElZJDe/b/R/LbsjDDYJa5UEjLZJB59RQsMX+fo0j54fqBPn1MGKav/QNa0JR0zBiVaikYDWCj5KQ==
  dependencies:
    node-addon-api "^8.3.0"
    node-gyp-build "^4.8.4"

web-tree-sitter@^0.26.7:
  version "0.26.8"
  resolved "https://registry.yarnpkg.com/web-tree-sitter/-/web-tree-sitter-0.26.8.tgz#807cb38aed0f25fc4b52994147f1db6b7a92a584"
  integrity sha512-4sUwi7ZyOrIk5KLgYLkc2A/F0LFMQnBhfb+2Cdl7ik4ePJ6JD+fk4ofI2sA5eGawBKBaK4Vntt7Ww5KcEsay4A==
